// !$*UTF8*$!
{
	archiveVersion = 1;
	classes = {
	};
	objectVersion = 46;
	objects = {

/* Begin PBXBuildFile section */
		CB7F209716A9E4D4005A4A80 /* QuartzCore.framework in Frameworks */ = {isa = PBXBuildFile; fileRef = CB7F209616A9E4D4005A4A80 /* QuartzCore.framework */; };
		CB7F209916A9E4D4005A4A80 /* OpenGLES.framework in Frameworks */ = {isa = PBXBuildFile; fileRef = CB7F209816A9E4D4005A4A80 /* OpenGLES.framework */; };
		CB7F209B16A9E4D4005A4A80 /* OpenAL.framework in Frameworks */ = {isa = PBXBuildFile; fileRef = CB7F209A16A9E4D4005A4A80 /* OpenAL.framework */; };
		CB7F209D16A9E4D4005A4A80 /* AudioToolbox.framework in Frameworks */ = {isa = PBXBuildFile; fileRef = CB7F209C16A9E4D4005A4A80 /* AudioToolbox.framework */; };
		CB7F209F16A9E4D4005A4A80 /* AVFoundation.framework in Frameworks */ = {isa = PBXBuildFile; fileRef = CB7F209E16A9E4D4005A4A80 /* AVFoundation.framework */; };
		CB7F20A116A9E4D4005A4A80 /* UIKit.framework in Frameworks */ = {isa = PBXBuildFile; fileRef = CB7F20A016A9E4D4005A4A80 /* UIKit.framework */; };
		CB7F20A316A9E4D4005A4A80 /* Foundation.framework in Frameworks */ = {isa = PBXBuildFile; fileRef = CB7F20A216A9E4D4005A4A80 /* Foundation.framework */; };
		CB7F20A516A9E4D4005A4A80 /* CoreGraphics.framework in Frameworks */ = {isa = PBXBuildFile; fileRef = CB7F20A416A9E4D4005A4A80 /* CoreGraphics.framework */; };
		CB7F20A716A9E4D4005A4A80 /* GameKit.framework in Frameworks */ = {isa = PBXBuildFile; fileRef = CB7F20A616A9E4D4005A4A80 /* GameKit.framework */; };
		CB7F20AB16A9E4D4005A4A80 /* Default.png in Resources */ = {isa = PBXBuildFile; fileRef = CB7F20AA16A9E4D4005A4A80 /* Default.png */; };
		CB7F20AD16A9E4D4005A4A80 /* Default@2x.png in Resources */ = {isa = PBXBuildFile; fileRef = CB7F20AC16A9E4D4005A4A80 /* Default@2x.png */; };
		CB7F20AF16A9E4D4005A4A80 /* Default-568h@2x.png in Resources */ = {isa = PBXBuildFile; fileRef = CB7F20AE16A9E4D4005A4A80 /* Default-568h@2x.png */; };
		CB7F20B116A9E4D4005A4A80 /* Default-Landscape~ipad.png in Resources */ = {isa = PBXBuildFile; fileRef = CB7F20B016A9E4D4005A4A80 /* Default-Landscape~ipad.png */; };
		CB7F20B316A9E4D4005A4A80 /* Icon-72.png in Resources */ = {isa = PBXBuildFile; fileRef = CB7F20B216A9E4D4005A4A80 /* Icon-72.png */; };
		CB7F20B516A9E4D4005A4A80 /* Icon-Small-50.png in Resources */ = {isa = PBXBuildFile; fileRef = CB7F20B416A9E4D4005A4A80 /* Icon-Small-50.png */; };
		CB7F20B716A9E4D4005A4A80 /* Icon-Small.png in Resources */ = {isa = PBXBuildFile; fileRef = CB7F20B616A9E4D4005A4A80 /* Icon-Small.png */; };
		CB7F20B916A9E4D4005A4A80 /* Icon-Small@2x.png in Resources */ = {isa = PBXBuildFile; fileRef = CB7F20B816A9E4D4005A4A80 /* Icon-Small@2x.png */; };
		CB7F20BB16A9E4D4005A4A80 /* Icon.png in Resources */ = {isa = PBXBuildFile; fileRef = CB7F20BA16A9E4D4005A4A80 /* Icon.png */; };
		CB7F20BD16A9E4D4005A4A80 /* Icon@2x.png in Resources */ = {isa = PBXBuildFile; fileRef = CB7F20BC16A9E4D4005A4A80 /* Icon@2x.png */; };
		CB7F20C016A9E4D4005A4A80 /* iTunesArtwork in Resources */ = {isa = PBXBuildFile; fileRef = CB7F20BF16A9E4D4005A4A80 /* iTunesArtwork */; };
		CB7F222E16A9E4D6005A4A80 /* main.m in Sources */ = {isa = PBXBuildFile; fileRef = CB7F222D16A9E4D6005A4A80 /* main.m */; };
		CB7F223116A9E4D6005A4A80 /* AppDelegate.m in Sources */ = {isa = PBXBuildFile; fileRef = CB7F223016A9E4D6005A4A80 /* AppDelegate.m */; };
		CB7F223416A9E4D6005A4A80 /* HelloWorldLayer.m in Sources */ = {isa = PBXBuildFile; fileRef = CB7F223316A9E4D6005A4A80 /* HelloWorldLayer.m */; };
		CB7F223716A9E4D6005A4A80 /* IntroLayer.m in Sources */ = {isa = PBXBuildFile; fileRef = CB7F223616A9E4D6005A4A80 /* IntroLayer.m */; };
		CB7F233916A9F0CF005A4A80 /* libcocos2d.a in Frameworks */ = {isa = PBXBuildFile; fileRef = CB7F22C016A9F0A7005A4A80 /* libcocos2d.a */; };
		CB7F233A16A9F0CF005A4A80 /* libCocosDenshion.a in Frameworks */ = {isa = PBXBuildFile; fileRef = CB7F22C416A9F0A7005A4A80 /* libCocosDenshion.a */; };
		CB7F235D16AAFCCC005A4A80 /* hit.caf in Resources */ = {isa = PBXBuildFile; fileRef = CB7F235616AAFCCC005A4A80 /* hit.caf */; };
		CB7F235E16AAFCCC005A4A80 /* meta_tiles.png in Resources */ = {isa = PBXBuildFile; fileRef = CB7F235716AAFCCC005A4A80 /* meta_tiles.png */; };
		CB7F235F16AAFCCC005A4A80 /* move.caf in Resources */ = {isa = PBXBuildFile; fileRef = CB7F235816AAFCCC005A4A80 /* move.caf */; };
		CB7F236016AAFCCC005A4A80 /* pickup.caf in Resources */ = {isa = PBXBuildFile; fileRef = CB7F235916AAFCCC005A4A80 /* pickup.caf */; };
		CB7F236116AAFCCC005A4A80 /* Player.png in Resources */ = {isa = PBXBuildFile; fileRef = CB7F235A16AAFCCC005A4A80 /* Player.png */; };
		CB7F236216AAFCCC005A4A80 /* TileMap.caf in Resources */ = {isa = PBXBuildFile; fileRef = CB7F235B16AAFCCC005A4A80 /* TileMap.caf */; };
		CB7F236316AAFCCC005A4A80 /* tmw_desert_spacing.png in Resources */ = {isa = PBXBuildFile; fileRef = CB7F235C16AAFCCC005A4A80 /* tmw_desert_spacing.png */; };
/* End PBXBuildFile section */

/* Begin PBXContainerItemProxy section */
		CB7F22B916A9F0A7005A4A80 /* PBXContainerItemProxy */ = {
			isa = PBXContainerItemProxy;
			containerPortal = CB7F223D16A9F0A5005A4A80 /* cocos2d-ios.xcodeproj */;
			proxyType = 2;
			remoteGlobalIDString = 509807081175041800EA7266;
			remoteInfo = "build all tests";
		};
		CB7F22BB16A9F0A7005A4A80 /* PBXContainerItemProxy */ = {
			isa = PBXContainerItemProxy;
			containerPortal = CB7F223D16A9F0A5005A4A80 /* cocos2d-ios.xcodeproj */;
			proxyType = 2;
			remoteGlobalIDString = 504225700FC0B39C00B992F7;
			remoteInfo = box2d;
		};
		CB7F22BD16A9F0A7005A4A80 /* PBXContainerItemProxy */ = {
			isa = PBXContainerItemProxy;
			containerPortal = CB7F223D16A9F0A5005A4A80 /* cocos2d-ios.xcodeproj */;
			proxyType = 2;
			remoteGlobalIDString = 50B2C4D10E100AEA00AE9530;
			remoteInfo = Chipmunk;
		};
		CB7F22BF16A9F0A7005A4A80 /* PBXContainerItemProxy */ = {
			isa = PBXContainerItemProxy;
			containerPortal = CB7F223D16A9F0A5005A4A80 /* cocos2d-ios.xcodeproj */;
			proxyType = 2;
			remoteGlobalIDString = 5018F24D0DFDEAC400C013A5;
			remoteInfo = cocos2d;
		};
		CB7F22C116A9F0A7005A4A80 /* PBXContainerItemProxy */ = {
			isa = PBXContainerItemProxy;
			containerPortal = CB7F223D16A9F0A5005A4A80 /* cocos2d-ios.xcodeproj */;
			proxyType = 2;
			remoteGlobalIDString = 502C65EE0DFEF3DD00E4107D;
			remoteInfo = "cocos2d-documentation";
		};
		CB7F22C316A9F0A7005A4A80 /* PBXContainerItemProxy */ = {
			isa = PBXContainerItemProxy;
			containerPortal = CB7F223D16A9F0A5005A4A80 /* cocos2d-ios.xcodeproj */;
			proxyType = 2;
			remoteGlobalIDString = 50CB2FCA1004C8B100B7A750;
			remoteInfo = CocosDenshion;
		};
		CB7F22C516A9F0A7005A4A80 /* PBXContainerItemProxy */ = {
			isa = PBXContainerItemProxy;
			containerPortal = CB7F223D16A9F0A5005A4A80 /* cocos2d-ios.xcodeproj */;
			proxyType = 2;
			remoteGlobalIDString = A02900ED15B5FA9E00D64F82;
			remoteInfo = CocosBuilderReader;
		};
		CB7F22C716A9F0A7005A4A80 /* PBXContainerItemProxy */ = {
			isa = PBXContainerItemProxy;
			containerPortal = CB7F223D16A9F0A5005A4A80 /* cocos2d-ios.xcodeproj */;
			proxyType = 2;
			remoteGlobalIDString = A031B73915D9BD0800E1986C;
			remoteInfo = jsbindings;
		};
		CB7F22C916A9F0A7005A4A80 /* PBXContainerItemProxy */ = {
			isa = PBXContainerItemProxy;
			containerPortal = CB7F223D16A9F0A5005A4A80 /* cocos2d-ios.xcodeproj */;
			proxyType = 2;
			remoteGlobalIDString = A04A1FEB13B826B300ABAFB7;
			remoteInfo = kazmath;
		};
		CB7F22CB16A9F0A7005A4A80 /* PBXContainerItemProxy */ = {
			isa = PBXContainerItemProxy;
			containerPortal = CB7F223D16A9F0A5005A4A80 /* cocos2d-ios.xcodeproj */;
			proxyType = 2;
			remoteGlobalIDString = 503164CD10277665003ACFE7;
			remoteInfo = libpng;
		};
		CB7F22CD16A9F0A7005A4A80 /* PBXContainerItemProxy */ = {
			isa = PBXContainerItemProxy;
			containerPortal = CB7F223D16A9F0A5005A4A80 /* cocos2d-ios.xcodeproj */;
			proxyType = 2;
			remoteGlobalIDString = 504CC32F1035BDE90096894C;
			remoteInfo = ActionManagerTest;
		};
		CB7F22CF16A9F0A7005A4A80 /* PBXContainerItemProxy */ = {
			isa = PBXContainerItemProxy;
			containerPortal = CB7F223D16A9F0A5005A4A80 /* cocos2d-ios.xcodeproj */;
			proxyType = 2;
			remoteGlobalIDString = 50C93AAD0E0BF6E000517B01;
			remoteInfo = ActionsTest;
		};
		CB7F22D116A9F0A7005A4A80 /* PBXContainerItemProxy */ = {
			isa = PBXContainerItemProxy;
			containerPortal = CB7F223D16A9F0A5005A4A80 /* cocos2d-ios.xcodeproj */;
			proxyType = 2;
			remoteGlobalIDString = 05CA7B0410ED674700F12774;
			remoteInfo = ActionsWithBlocksSample;
		};
		CB7F22D316A9F0A7005A4A80 /* PBXContainerItemProxy */ = {
			isa = PBXContainerItemProxy;
			containerPortal = CB7F223D16A9F0A5005A4A80 /* cocos2d-ios.xcodeproj */;
			proxyType = 2;
			remoteGlobalIDString = 504828800F45AED700A30CEF;
			remoteInfo = AttachTest;
		};
		CB7F22D516A9F0A7005A4A80 /* PBXContainerItemProxy */ = {
			isa = PBXContainerItemProxy;
			containerPortal = CB7F223D16A9F0A5005A4A80 /* cocos2d-ios.xcodeproj */;
			proxyType = 2;
			remoteGlobalIDString = 5042262E0FC0B5D500B992F7;
			remoteInfo = Box2dTest;
		};
		CB7F22D716A9F0A7005A4A80 /* PBXContainerItemProxy */ = {
			isa = PBXContainerItemProxy;
			containerPortal = CB7F223D16A9F0A5005A4A80 /* cocos2d-ios.xcodeproj */;
			proxyType = 2;
			remoteGlobalIDString = 50010ED2103B3DB80059EC2E;
			remoteInfo = Box2dTestBed;
		};
		CB7F22D916A9F0A7005A4A80 /* PBXContainerItemProxy */ = {
			isa = PBXContainerItemProxy;
			containerPortal = CB7F223D16A9F0A5005A4A80 /* cocos2d-ios.xcodeproj */;
			proxyType = 2;
			remoteGlobalIDString = 50B2C5E80E100EF000AE9530;
			remoteInfo = ChipmunkTest;
		};
		CB7F22DB16A9F0A7005A4A80 /* PBXContainerItemProxy */ = {
			isa = PBXContainerItemProxy;
			containerPortal = CB7F223D16A9F0A5005A4A80 /* cocos2d-ios.xcodeproj */;
			proxyType = 2;
			remoteGlobalIDString = 506C77E20E01520900B48100;
			remoteInfo = ClickAndMoveTest;
		};
		CB7F22DD16A9F0A7005A4A80 /* PBXContainerItemProxy */ = {
			isa = PBXContainerItemProxy;
			containerPortal = CB7F223D16A9F0A5005A4A80 /* cocos2d-ios.xcodeproj */;
			proxyType = 2;
			remoteGlobalIDString = 2B44E494163383A0000492D8;
			remoteInfo = ClippingNodeTest;
		};
		CB7F22DF16A9F0A7005A4A80 /* PBXContainerItemProxy */ = {
			isa = PBXContainerItemProxy;
			containerPortal = CB7F223D16A9F0A5005A4A80 /* cocos2d-ios.xcodeproj */;
			proxyType = 2;
			remoteGlobalIDString = 505224F911B3D4700061670F;
			remoteInfo = "CocosDenshion - Tom The Turret";
		};
		CB7F22E116A9F0A7005A4A80 /* PBXContainerItemProxy */ = {
			isa = PBXContainerItemProxy;
			containerPortal = CB7F223D16A9F0A5005A4A80 /* cocos2d-ios.xcodeproj */;
			proxyType = 2;
			remoteGlobalIDString = 505228BA11B3DBB90061670F;
			remoteInfo = "CocosDenshion - Drum Pad";
		};
		CB7F22E316A9F0A7005A4A80 /* PBXContainerItemProxy */ = {
			isa = PBXContainerItemProxy;
			containerPortal = CB7F223D16A9F0A5005A4A80 /* cocos2d-ios.xcodeproj */;
			proxyType = 2;
			remoteGlobalIDString = 5052293C11B3DCD80061670F;
			remoteInfo = "CocosDenshion - Fade To Grey";
		};
		CB7F22E516A9F0A7005A4A80 /* PBXContainerItemProxy */ = {
			isa = PBXContainerItemProxy;
			containerPortal = CB7F223D16A9F0A5005A4A80 /* cocos2d-ios.xcodeproj */;
			proxyType = 2;
			remoteGlobalIDString = 5052296E11B3DCE90061670F;
			remoteInfo = "CocosDenshion - FancyRat Metering";
		};
		CB7F22E716A9F0A7005A4A80 /* PBXContainerItemProxy */ = {
			isa = PBXContainerItemProxy;
			containerPortal = CB7F223D16A9F0A5005A4A80 /* cocos2d-ios.xcodeproj */;
			proxyType = 2;
			remoteGlobalIDString = A01AB91A149709E300C93DB6;
			remoteInfo = DirectorTest;
		};
		CB7F22E916A9F0A7005A4A80 /* PBXContainerItemProxy */ = {
			isa = PBXContainerItemProxy;
			containerPortal = CB7F223D16A9F0A5005A4A80 /* cocos2d-ios.xcodeproj */;
			proxyType = 2;
			remoteGlobalIDString = 501945740F964C620059CE7C;
			remoteInfo = drawPrimitivesTest;
		};
		CB7F22EB16A9F0A7005A4A80 /* PBXContainerItemProxy */ = {
			isa = PBXContainerItemProxy;
			containerPortal = CB7F223D16A9F0A5005A4A80 /* cocos2d-ios.xcodeproj */;
			proxyType = 2;
			remoteGlobalIDString = 504E17DC11C4C7E100E19835;
			remoteInfo = EAGLViewTest;
		};
		CB7F22ED16A9F0A7005A4A80 /* PBXContainerItemProxy */ = {
			isa = PBXContainerItemProxy;
			containerPortal = CB7F223D16A9F0A5005A4A80 /* cocos2d-ios.xcodeproj */;
			proxyType = 2;
			remoteGlobalIDString = 505B63A30F2F4210001B4104;
			remoteInfo = ActionsEaseTest;
		};
		CB7F22EF16A9F0A7005A4A80 /* PBXContainerItemProxy */ = {
			isa = PBXContainerItemProxy;
			containerPortal = CB7F223D16A9F0A5005A4A80 /* cocos2d-ios.xcodeproj */;
			proxyType = 2;
			remoteGlobalIDString = 50A24E440F377FA1007CAEB0;
			remoteInfo = EffectsTest;
		};
		CB7F22F116A9F0A7005A4A80 /* PBXContainerItemProxy */ = {
			isa = PBXContainerItemProxy;
			containerPortal = CB7F223D16A9F0A5005A4A80 /* cocos2d-ios.xcodeproj */;
			proxyType = 2;
			remoteGlobalIDString = 50D56FD20F3FABEC007CD6B9;
			remoteInfo = EffectsAdvancedTest;
		};
		CB7F22F316A9F0A7005A4A80 /* PBXContainerItemProxy */ = {
			isa = PBXContainerItemProxy;
			containerPortal = CB7F223D16A9F0A5005A4A80 /* cocos2d-ios.xcodeproj */;
			proxyType = 2;
			remoteGlobalIDString = A0F8418D151D3B3000EBBFCB;
			remoteInfo = FileUtilsTest;
		};
		CB7F22F516A9F0A7005A4A80 /* PBXContainerItemProxy */ = {
			isa = PBXContainerItemProxy;
			containerPortal = CB7F223D16A9F0A5005A4A80 /* cocos2d-ios.xcodeproj */;
			proxyType = 2;
			remoteGlobalIDString = DAABAA9A1059A42E00794EB3;
			remoteInfo = FontTest;
		};
		CB7F22F716A9F0A7005A4A80 /* PBXContainerItemProxy */ = {
			isa = PBXContainerItemProxy;
			containerPortal = CB7F223D16A9F0A5005A4A80 /* cocos2d-ios.xcodeproj */;
			proxyType = 2;
			remoteGlobalIDString = 50C7D4950E5C2ED80035ACA2;
			remoteInfo = IntervalTest;
		};
		CB7F22F916A9F0A7005A4A80 /* PBXContainerItemProxy */ = {
			isa = PBXContainerItemProxy;
			containerPortal = CB7F223D16A9F0A5005A4A80 /* cocos2d-ios.xcodeproj */;
			proxyType = 2;
			remoteGlobalIDString = A0AA56C81641955000A38D85;
			remoteInfo = "JS CocosDragon";
		};
		CB7F22FB16A9F0A7005A4A80 /* PBXContainerItemProxy */ = {
			isa = PBXContainerItemProxy;
			containerPortal = CB7F223D16A9F0A5005A4A80 /* cocos2d-ios.xcodeproj */;
			proxyType = 2;
			remoteGlobalIDString = A001946A15C379F400F3D80E;
			remoteInfo = "JS Moon Warriors";
		};
		CB7F22FD16A9F0A7005A4A80 /* PBXContainerItemProxy */ = {
			isa = PBXContainerItemProxy;
			containerPortal = CB7F223D16A9F0A5005A4A80 /* cocos2d-ios.xcodeproj */;
			proxyType = 2;
			remoteGlobalIDString = A0D6C037159B6A25008EED97;
			remoteInfo = "JS Tests";
		};
		CB7F22FF16A9F0A7005A4A80 /* PBXContainerItemProxy */ = {
			isa = PBXContainerItemProxy;
			containerPortal = CB7F223D16A9F0A5005A4A80 /* cocos2d-ios.xcodeproj */;
			proxyType = 2;
			remoteGlobalIDString = A06F8BC9166D8C42008215BC;
			remoteInfo = "JS Watermelon";
		};
		CB7F230116A9F0A7005A4A80 /* PBXContainerItemProxy */ = {
			isa = PBXContainerItemProxy;
			containerPortal = CB7F223D16A9F0A5005A4A80 /* cocos2d-ios.xcodeproj */;
			proxyType = 2;
			remoteGlobalIDString = 506882110E95761200F943E5;
			remoteInfo = LabelTest;
		};
		CB7F230316A9F0A7005A4A80 /* PBXContainerItemProxy */ = {
			isa = PBXContainerItemProxy;
			containerPortal = CB7F223D16A9F0A5005A4A80 /* cocos2d-ios.xcodeproj */;
			proxyType = 2;
			remoteGlobalIDString = 504799B1100F6A4200D1C71A;
			remoteInfo = LayerTest;
		};
		CB7F230516A9F0A7005A4A80 /* PBXContainerItemProxy */ = {
			isa = PBXContainerItemProxy;
			containerPortal = CB7F223D16A9F0A5005A4A80 /* cocos2d-ios.xcodeproj */;
			proxyType = 2;
			remoteGlobalIDString = 506C7A090E01C73A00B48100;
			remoteInfo = MenuTest;
		};
		CB7F230716A9F0A7005A4A80 /* PBXContainerItemProxy */ = {
			isa = PBXContainerItemProxy;
			containerPortal = CB7F223D16A9F0A5005A4A80 /* cocos2d-ios.xcodeproj */;
			proxyType = 2;
			remoteGlobalIDString = 50A783C40F3AFCE500104C45;
			remoteInfo = MotionStreakTest;
		};
		CB7F230916A9F0A7005A4A80 /* PBXContainerItemProxy */ = {
			isa = PBXContainerItemProxy;
			containerPortal = CB7F223D16A9F0A5005A4A80 /* cocos2d-ios.xcodeproj */;
			proxyType = 2;
			remoteGlobalIDString = A009431115180C730029A5C6;
			remoteInfo = MultithreadTest;
		};
		CB7F230B16A9F0A7005A4A80 /* PBXContainerItemProxy */ = {
			isa = PBXContainerItemProxy;
			containerPortal = CB7F223D16A9F0A5005A4A80 /* cocos2d-ios.xcodeproj */;
			proxyType = 2;
			remoteGlobalIDString = 506144080E589A2E003CCDB7;
			remoteInfo = NodeTest;
		};
		CB7F230D16A9F0A7005A4A80 /* PBXContainerItemProxy */ = {
			isa = PBXContainerItemProxy;
			containerPortal = CB7F223D16A9F0A5005A4A80 /* cocos2d-ios.xcodeproj */;
			proxyType = 2;
			remoteGlobalIDString = 50C195600EE4B57E00829067;
			remoteInfo = ParallaxTest;
		};
		CB7F230F16A9F0A7005A4A80 /* PBXContainerItemProxy */ = {
			isa = PBXContainerItemProxy;
			containerPortal = CB7F223D16A9F0A5005A4A80 /* cocos2d-ios.xcodeproj */;
			proxyType = 2;
			remoteGlobalIDString = 50DB1BCA0E1C1E5900A89DFF;
			remoteInfo = ParticleTest;
		};
		CB7F231116A9F0A7005A4A80 /* PBXContainerItemProxy */ = {
			isa = PBXContainerItemProxy;
			containerPortal = CB7F223D16A9F0A5005A4A80 /* cocos2d-ios.xcodeproj */;
			proxyType = 2;
			remoteGlobalIDString = 501504ED11330E1700A9CA65;
			remoteInfo = ActionsProgressTest;
		};
		CB7F231316A9F0A7005A4A80 /* PBXContainerItemProxy */ = {
			isa = PBXContainerItemProxy;
			containerPortal = CB7F223D16A9F0A5005A4A80 /* cocos2d-ios.xcodeproj */;
			proxyType = 2;
			remoteGlobalIDString = 495E73F7104B74E20012BB52;
			remoteInfo = RenderTextureTest;
		};
		CB7F231516A9F0A7005A4A80 /* PBXContainerItemProxy */ = {
			isa = PBXContainerItemProxy;
			containerPortal = CB7F223D16A9F0A5005A4A80 /* cocos2d-ios.xcodeproj */;
			proxyType = 2;
			remoteGlobalIDString = 502C66180DFEFCCA00E4107D;
			remoteInfo = RotateWorldTest;
		};
		CB7F231716A9F0A7005A4A80 /* PBXContainerItemProxy */ = {
			isa = PBXContainerItemProxy;
			containerPortal = CB7F223D16A9F0A5005A4A80 /* cocos2d-ios.xcodeproj */;
			proxyType = 2;
			remoteGlobalIDString = 506C800E0E041C9300B48100;
			remoteInfo = SceneTest;
		};
		CB7F231916A9F0A7005A4A80 /* PBXContainerItemProxy */ = {
			isa = PBXContainerItemProxy;
			containerPortal = CB7F223D16A9F0A5005A4A80 /* cocos2d-ios.xcodeproj */;
			proxyType = 2;
			remoteGlobalIDString = 508CA7DA1193270F003AC397;
			remoteInfo = SchedulerTest;
		};
		CB7F231B16A9F0A7005A4A80 /* PBXContainerItemProxy */ = {
			isa = PBXContainerItemProxy;
			containerPortal = CB7F223D16A9F0A5005A4A80 /* cocos2d-ios.xcodeproj */;
			proxyType = 2;
			remoteGlobalIDString = E03A4F691355041F00D4B515;
			remoteInfo = ShaderTest;
		};
		CB7F231D16A9F0A7005A4A80 /* PBXContainerItemProxy */ = {
			isa = PBXContainerItemProxy;
			containerPortal = CB7F223D16A9F0A5005A4A80 /* cocos2d-ios.xcodeproj */;
			proxyType = 2;
			remoteGlobalIDString = 501C7C910F91EFFF0024A296;
			remoteInfo = SpriteTest;
		};
		CB7F231F16A9F0A7005A4A80 /* PBXContainerItemProxy */ = {
			isa = PBXContainerItemProxy;
			containerPortal = CB7F223D16A9F0A5005A4A80 /* cocos2d-ios.xcodeproj */;
			proxyType = 2;
			remoteGlobalIDString = 505B62D60F2E6A0F001B4104;
			remoteInfo = Texture2dTest;
		};
		CB7F232116A9F0A7005A4A80 /* PBXContainerItemProxy */ = {
			isa = PBXContainerItemProxy;
			containerPortal = CB7F223D16A9F0A5005A4A80 /* cocos2d-ios.xcodeproj */;
			proxyType = 2;
			remoteGlobalIDString = 503F5CBE101FE930002A37E5;
			remoteInfo = TileMapTest;
		};
		CB7F232316A9F0A7005A4A80 /* PBXContainerItemProxy */ = {
			isa = PBXContainerItemProxy;
			containerPortal = CB7F223D16A9F0A5005A4A80 /* cocos2d-ios.xcodeproj */;
			proxyType = 2;
			remoteGlobalIDString = 5012DD3B0FE2994300D6DDD1;
			remoteInfo = TouchesTest;
		};
		CB7F232516A9F0A7005A4A80 /* PBXContainerItemProxy */ = {
			isa = PBXContainerItemProxy;
			containerPortal = CB7F223D16A9F0A5005A4A80 /* cocos2d-ios.xcodeproj */;
			proxyType = 2;
			remoteGlobalIDString = 50C938E00E0A9DBB00517B01;
			remoteInfo = TransitionsTest;
		};
		CB7F232716A9F0A7005A4A80 /* PBXContainerItemProxy */ = {
			isa = PBXContainerItemProxy;
			containerPortal = CB7F223D16A9F0A5005A4A80 /* cocos2d-ios.xcodeproj */;
			proxyType = 2;
			remoteGlobalIDString = E0C5588611FE48E600B9E4CB;
			remoteInfo = ZwoptexTest;
		};
		CB7F232916A9F0A7005A4A80 /* PBXContainerItemProxy */ = {
			isa = PBXContainerItemProxy;
			containerPortal = CB7F223D16A9F0A5005A4A80 /* cocos2d-ios.xcodeproj */;
			proxyType = 2;
			remoteGlobalIDString = 507FF8F2116D16F600B6FAB2;
			remoteInfo = Bug350;
		};
		CB7F232B16A9F0A7005A4A80 /* PBXContainerItemProxy */ = {
			isa = PBXContainerItemProxy;
			containerPortal = CB7F223D16A9F0A5005A4A80 /* cocos2d-ios.xcodeproj */;
			proxyType = 2;
			remoteGlobalIDString = 50CB34DD100765EF00B7A750;
			remoteInfo = Bug422;
		};
		CB7F232D16A9F0A7005A4A80 /* PBXContainerItemProxy */ = {
			isa = PBXContainerItemProxy;
			containerPortal = CB7F223D16A9F0A5005A4A80 /* cocos2d-ios.xcodeproj */;
			proxyType = 2;
			remoteGlobalIDString = E037DA4C1281C7F0003D39D7;
			remoteInfo = Bug458;
		};
		CB7F232F16A9F0A7005A4A80 /* PBXContainerItemProxy */ = {
			isa = PBXContainerItemProxy;
			containerPortal = CB7F223D16A9F0A5005A4A80 /* cocos2d-ios.xcodeproj */;
			proxyType = 2;
			remoteGlobalIDString = E02BC2CD1270E489006E46A2;
			remoteInfo = Bug624;
		};
		CB7F233116A9F0A7005A4A80 /* PBXContainerItemProxy */ = {
			isa = PBXContainerItemProxy;
			containerPortal = CB7F223D16A9F0A5005A4A80 /* cocos2d-ios.xcodeproj */;
			proxyType = 2;
			remoteGlobalIDString = 50CBA48711CBD6FB007B009D;
			remoteInfo = Bug886;
		};
		CB7F233316A9F0A7005A4A80 /* PBXContainerItemProxy */ = {
			isa = PBXContainerItemProxy;
			containerPortal = CB7F223D16A9F0A5005A4A80 /* cocos2d-ios.xcodeproj */;
			proxyType = 2;
			remoteGlobalIDString = 507C0F0B11D609290075E747;
			remoteInfo = Bug899;
		};
		CB7F233516A9F0A7005A4A80 /* PBXContainerItemProxy */ = {
			isa = PBXContainerItemProxy;
			containerPortal = CB7F223D16A9F0A5005A4A80 /* cocos2d-ios.xcodeproj */;
			proxyType = 2;
			remoteGlobalIDString = 502BF56911E39CC30030C477;
			remoteInfo = Bug914;
		};
		CB7F233716A9F0A7005A4A80 /* PBXContainerItemProxy */ = {
			isa = PBXContainerItemProxy;
			containerPortal = CB7F223D16A9F0A5005A4A80 /* cocos2d-ios.xcodeproj */;
			proxyType = 2;
			remoteGlobalIDString = E0EA56A5134B9CA800F212C8;
			remoteInfo = Bug1159;
		};
/* End PBXContainerItemProxy section */

/* Begin PBXFileReference section */
		CB7F209216A9E4D4005A4A80 /* TileGame.app */ = {isa = PBXFileReference; explicitFileType = wrapper.application; includeInIndex = 0; path = TileGame.app; sourceTree = BUILT_PRODUCTS_DIR; };
		CB7F209616A9E4D4005A4A80 /* QuartzCore.framework */ = {isa = PBXFileReference; lastKnownFileType = wrapper.framework; name = QuartzCore.framework; path = System/Library/Frameworks/QuartzCore.framework; sourceTree = SDKROOT; };
		CB7F209816A9E4D4005A4A80 /* OpenGLES.framework */ = {isa = PBXFileReference; lastKnownFileType = wrapper.framework; name = OpenGLES.framework; path = System/Library/Frameworks/OpenGLES.framework; sourceTree = SDKROOT; };
		CB7F209A16A9E4D4005A4A80 /* OpenAL.framework */ = {isa = PBXFileReference; lastKnownFileType = wrapper.framework; name = OpenAL.framework; path = System/Library/Frameworks/OpenAL.framework; sourceTree = SDKROOT; };
		CB7F209C16A9E4D4005A4A80 /* AudioToolbox.framework */ = {isa = PBXFileReference; lastKnownFileType = wrapper.framework; name = AudioToolbox.framework; path = System/Library/Frameworks/AudioToolbox.framework; sourceTree = SDKROOT; };
		CB7F209E16A9E4D4005A4A80 /* AVFoundation.framework */ = {isa = PBXFileReference; lastKnownFileType = wrapper.framework; name = AVFoundation.framework; path = System/Library/Frameworks/AVFoundation.framework; sourceTree = SDKROOT; };
		CB7F20A016A9E4D4005A4A80 /* UIKit.framework */ = {isa = PBXFileReference; lastKnownFileType = wrapper.framework; name = UIKit.framework; path = System/Library/Frameworks/UIKit.framework; sourceTree = SDKROOT; };
		CB7F20A216A9E4D4005A4A80 /* Foundation.framework */ = {isa = PBXFileReference; lastKnownFileType = wrapper.framework; name = Foundation.framework; path = System/Library/Frameworks/Foundation.framework; sourceTree = SDKROOT; };
		CB7F20A416A9E4D4005A4A80 /* CoreGraphics.framework */ = {isa = PBXFileReference; lastKnownFileType = wrapper.framework; name = CoreGraphics.framework; path = System/Library/Frameworks/CoreGraphics.framework; sourceTree = SDKROOT; };
		CB7F20A616A9E4D4005A4A80 /* GameKit.framework */ = {isa = PBXFileReference; lastKnownFileType = wrapper.framework; name = GameKit.framework; path = System/Library/Frameworks/GameKit.framework; sourceTree = SDKROOT; };
		CB7F20AA16A9E4D4005A4A80 /* Default.png */ = {isa = PBXFileReference; lastKnownFileType = image.png; name = Default.png; path = Resources/Default.png; sourceTree = "<group>"; };
		CB7F20AC16A9E4D4005A4A80 /* Default@2x.png */ = {isa = PBXFileReference; lastKnownFileType = image.png; name = "Default@2x.png"; path = "Resources/Default@2x.png"; sourceTree = "<group>"; };
		CB7F20AE16A9E4D4005A4A80 /* Default-568h@2x.png */ = {isa = PBXFileReference; lastKnownFileType = image.png; name = "Default-568h@2x.png"; path = "Resources/Default-568h@2x.png"; sourceTree = "<group>"; };
		CB7F20B016A9E4D4005A4A80 /* Default-Landscape~ipad.png */ = {isa = PBXFileReference; lastKnownFileType = image.png; name = "Default-Landscape~ipad.png"; path = "Resources/Default-Landscape~ipad.png"; sourceTree = "<group>"; };
		CB7F20B216A9E4D4005A4A80 /* Icon-72.png */ = {isa = PBXFileReference; lastKnownFileType = image.png; name = "Icon-72.png"; path = "Resources/Icon-72.png"; sourceTree = "<group>"; };
		CB7F20B416A9E4D4005A4A80 /* Icon-Small-50.png */ = {isa = PBXFileReference; lastKnownFileType = image.png; name = "Icon-Small-50.png"; path = "Resources/Icon-Small-50.png"; sourceTree = "<group>"; };
		CB7F20B616A9E4D4005A4A80 /* Icon-Small.png */ = {isa = PBXFileReference; lastKnownFileType = image.png; name = "Icon-Small.png"; path = "Resources/Icon-Small.png"; sourceTree = "<group>"; };
		CB7F20B816A9E4D4005A4A80 /* Icon-Small@2x.png */ = {isa = PBXFileReference; lastKnownFileType = image.png; name = "Icon-Small@2x.png"; path = "Resources/Icon-Small@2x.png"; sourceTree = "<group>"; };
		CB7F20BA16A9E4D4005A4A80 /* Icon.png */ = {isa = PBXFileReference; lastKnownFileType = image.png; name = Icon.png; path = Resources/Icon.png; sourceTree = "<group>"; };
		CB7F20BC16A9E4D4005A4A80 /* Icon@2x.png */ = {isa = PBXFileReference; lastKnownFileType = image.png; name = "Icon@2x.png"; path = "Resources/Icon@2x.png"; sourceTree = "<group>"; };
		CB7F20BE16A9E4D4005A4A80 /* Info.plist */ = {isa = PBXFileReference; lastKnownFileType = text.plist.xml; name = Info.plist; path = Resources/Info.plist; sourceTree = "<group>"; };
		CB7F20BF16A9E4D4005A4A80 /* iTunesArtwork */ = {isa = PBXFileReference; lastKnownFileType = file; name = iTunesArtwork; path = Resources/iTunesArtwork; sourceTree = "<group>"; };
		CB7F222C16A9E4D6005A4A80 /* Prefix.pch */ = {isa = PBXFileReference; lastKnownFileType = sourcecode.c.h; path = Prefix.pch; sourceTree = "<group>"; };
		CB7F222D16A9E4D6005A4A80 /* main.m */ = {isa = PBXFileReference; lastKnownFileType = sourcecode.c.objc; path = main.m; sourceTree = "<group>"; };
		CB7F222F16A9E4D6005A4A80 /* AppDelegate.h */ = {isa = PBXFileReference; lastKnownFileType = sourcecode.c.h; path = AppDelegate.h; sourceTree = "<group>"; };
		CB7F223016A9E4D6005A4A80 /* AppDelegate.m */ = {isa = PBXFileReference; lastKnownFileType = sourcecode.c.objc; path = AppDelegate.m; sourceTree = "<group>"; };
		CB7F223216A9E4D6005A4A80 /* HelloWorldLayer.h */ = {isa = PBXFileReference; lastKnownFileType = sourcecode.c.h; path = HelloWorldLayer.h; sourceTree = "<group>"; };
		CB7F223316A9E4D6005A4A80 /* HelloWorldLayer.m */ = {isa = PBXFileReference; lastKnownFileType = sourcecode.c.objc; path = HelloWorldLayer.m; sourceTree = "<group>"; };
		CB7F223516A9E4D6005A4A80 /* IntroLayer.h */ = {isa = PBXFileReference; lastKnownFileType = sourcecode.c.h; path = IntroLayer.h; sourceTree = "<group>"; };
		CB7F223616A9E4D6005A4A80 /* IntroLayer.m */ = {isa = PBXFileReference; lastKnownFileType = sourcecode.c.objc; path = IntroLayer.m; sourceTree = "<group>"; };
		CB7F223D16A9F0A5005A4A80 /* cocos2d-ios.xcodeproj */ = {isa = PBXFileReference; lastKnownFileType = "wrapper.pb-project"; name = "cocos2d-ios.xcodeproj"; path = "../Downloads/cocos2d-iphone-2.1-beta4/cocos2d-ios.xcodeproj"; sourceTree = "<group>"; };
		CB7F235616AAFCCC005A4A80 /* hit.caf */ = {isa = PBXFileReference; lastKnownFileType = file; path = hit.caf; sourceTree = "<group>"; };
		CB7F235716AAFCCC005A4A80 /* meta_tiles.png */ = {isa = PBXFileReference; lastKnownFileType = image.png; path = meta_tiles.png; sourceTree = "<group>"; };
		CB7F235816AAFCCC005A4A80 /* move.caf */ = {isa = PBXFileReference; lastKnownFileType = file; path = move.caf; sourceTree = "<group>"; };
		CB7F235916AAFCCC005A4A80 /* pickup.caf */ = {isa = PBXFileReference; lastKnownFileType = file; path = pickup.caf; sourceTree = "<group>"; };
		CB7F235A16AAFCCC005A4A80 /* Player.png */ = {isa = PBXFileReference; lastKnownFileType = image.png; path = Player.png; sourceTree = "<group>"; };
		CB7F235B16AAFCCC005A4A80 /* TileMap.caf */ = {isa = PBXFileReference; lastKnownFileType = file; path = TileMap.caf; sourceTree = "<group>"; };
		CB7F235C16AAFCCC005A4A80 /* tmw_desert_spacing.png */ = {isa = PBXFileReference; lastKnownFileType = image.png; path = tmw_desert_spacing.png; sourceTree = "<group>"; };
/* End PBXFileReference section */

/* Begin PBXFrameworksBuildPhase section */
		CB7F208F16A9E4D4005A4A80 /* Frameworks */ = {
			isa = PBXFrameworksBuildPhase;
			buildActionMask = 2147483647;
			files = (
				CB7F233916A9F0CF005A4A80 /* libcocos2d.a in Frameworks */,
				CB7F233A16A9F0CF005A4A80 /* libCocosDenshion.a in Frameworks */,
				CB7F209716A9E4D4005A4A80 /* QuartzCore.framework in Frameworks */,
				CB7F209916A9E4D4005A4A80 /* OpenGLES.framework in Frameworks */,
				CB7F209B16A9E4D4005A4A80 /* OpenAL.framework in Frameworks */,
				CB7F209D16A9E4D4005A4A80 /* AudioToolbox.framework in Frameworks */,
				CB7F209F16A9E4D4005A4A80 /* AVFoundation.framework in Frameworks */,
				CB7F20A116A9E4D4005A4A80 /* UIKit.framework in Frameworks */,
				CB7F20A316A9E4D4005A4A80 /* Foundation.framework in Frameworks */,
				CB7F20A516A9E4D4005A4A80 /* CoreGraphics.framework in Frameworks */,
				CB7F20A716A9E4D4005A4A80 /* GameKit.framework in Frameworks */,
			);
			runOnlyForDeploymentPostprocessing = 0;
		};
/* End PBXFrameworksBuildPhase section */

/* Begin PBXGroup section */
		CB7F208716A9E4D4005A4A80 = {
			isa = PBXGroup;
			children = (
				CB7F20A816A9E4D4005A4A80 /* TileGame */,
				CB7F209516A9E4D4005A4A80 /* Frameworks */,
				CB7F209316A9E4D4005A4A80 /* Products */,
				CB7F223D16A9F0A5005A4A80 /* cocos2d-ios.xcodeproj */,
			);
			sourceTree = "<group>";
		};
		CB7F209316A9E4D4005A4A80 /* Products */ = {
			isa = PBXGroup;
			children = (
				CB7F209216A9E4D4005A4A80 /* TileGame.app */,
			);
			name = Products;
			sourceTree = "<group>";
		};
		CB7F209516A9E4D4005A4A80 /* Frameworks */ = {
			isa = PBXGroup;
			children = (
				CB7F209616A9E4D4005A4A80 /* QuartzCore.framework */,
				CB7F209816A9E4D4005A4A80 /* OpenGLES.framework */,
				CB7F209A16A9E4D4005A4A80 /* OpenAL.framework */,
				CB7F209C16A9E4D4005A4A80 /* AudioToolbox.framework */,
				CB7F209E16A9E4D4005A4A80 /* AVFoundation.framework */,
				CB7F20A016A9E4D4005A4A80 /* UIKit.framework */,
				CB7F20A216A9E4D4005A4A80 /* Foundation.framework */,
				CB7F20A416A9E4D4005A4A80 /* CoreGraphics.framework */,
				CB7F20A616A9E4D4005A4A80 /* GameKit.framework */,
			);
			name = Frameworks;
			sourceTree = "<group>";
		};
		CB7F20A816A9E4D4005A4A80 /* TileGame */ = {
			isa = PBXGroup;
			children = (
				CB7F222F16A9E4D6005A4A80 /* AppDelegate.h */,
				CB7F223016A9E4D6005A4A80 /* AppDelegate.m */,
				CB7F223216A9E4D6005A4A80 /* HelloWorldLayer.h */,
				CB7F223316A9E4D6005A4A80 /* HelloWorldLayer.m */,
				CB7F223516A9E4D6005A4A80 /* IntroLayer.h */,
				CB7F223616A9E4D6005A4A80 /* IntroLayer.m */,
				CB7F20A916A9E4D4005A4A80 /* Resources */,
				CB7F222B16A9E4D6005A4A80 /* Supporting Files */,
			);
			path = TileGame;
			sourceTree = "<group>";
		};
		CB7F20A916A9E4D4005A4A80 /* Resources */ = {
			isa = PBXGroup;
			children = (
				CB7F235616AAFCCC005A4A80 /* hit.caf */,
				CB7F235716AAFCCC005A4A80 /* meta_tiles.png */,
				CB7F235816AAFCCC005A4A80 /* move.caf */,
				CB7F235916AAFCCC005A4A80 /* pickup.caf */,
				CB7F235A16AAFCCC005A4A80 /* Player.png */,
				CB7F235B16AAFCCC005A4A80 /* TileMap.caf */,
				CB7F235C16AAFCCC005A4A80 /* tmw_desert_spacing.png */,
				CB7F20AA16A9E4D4005A4A80 /* Default.png */,
				CB7F20AC16A9E4D4005A4A80 /* Default@2x.png */,
				CB7F20AE16A9E4D4005A4A80 /* Default-568h@2x.png */,
				CB7F20B016A9E4D4005A4A80 /* Default-Landscape~ipad.png */,
				CB7F20B216A9E4D4005A4A80 /* Icon-72.png */,
				CB7F20B416A9E4D4005A4A80 /* Icon-Small-50.png */,
				CB7F20B616A9E4D4005A4A80 /* Icon-Small.png */,
				CB7F20B816A9E4D4005A4A80 /* Icon-Small@2x.png */,
				CB7F20BA16A9E4D4005A4A80 /* Icon.png */,
				CB7F20BC16A9E4D4005A4A80 /* Icon@2x.png */,
				CB7F20BE16A9E4D4005A4A80 /* Info.plist */,
				CB7F20BF16A9E4D4005A4A80 /* iTunesArtwork */,
			);
			name = Resources;
			sourceTree = "<group>";
		};
		CB7F222B16A9E4D6005A4A80 /* Supporting Files */ = {
			isa = PBXGroup;
			children = (
				CB7F222C16A9E4D6005A4A80 /* Prefix.pch */,
				CB7F222D16A9E4D6005A4A80 /* main.m */,
			);
			name = "Supporting Files";
			sourceTree = "<group>";
		};
		CB7F223E16A9F0A5005A4A80 /* Products */ = {
			isa = PBXGroup;
			children = (
				CB7F22BA16A9F0A7005A4A80 /* libbuild all tests.a */,
				CB7F22BC16A9F0A7005A4A80 /* libbox2d.a */,
				CB7F22BE16A9F0A7005A4A80 /* libChipmunk.a */,
				CB7F22C016A9F0A7005A4A80 /* libcocos2d.a */,
				CB7F22C216A9F0A7005A4A80 /* libcocos2d-documentation.a */,
				CB7F22C416A9F0A7005A4A80 /* libCocosDenshion.a */,
				CB7F22C616A9F0A7005A4A80 /* libCocosBuilderReader.a */,
				CB7F22C816A9F0A7005A4A80 /* libjsbindings.a */,
				CB7F22CA16A9F0A7005A4A80 /* libkazmath.a */,
				CB7F22CC16A9F0A7005A4A80 /* liblibpng.a */,
				CB7F22CE16A9F0A7005A4A80 /* ActionManagerTest.app */,
				CB7F22D016A9F0A7005A4A80 /* ActionsTest.app */,
				CB7F22D216A9F0A7005A4A80 /* ActionsWithBlocksSample.app */,
				CB7F22D416A9F0A7005A4A80 /* AttachTest.app */,
				CB7F22D616A9F0A7005A4A80 /* Box2dTest.app */,
				CB7F22D816A9F0A7005A4A80 /* Box2dTestBed.app */,
				CB7F22DA16A9F0A7005A4A80 /* ChipmunkTest.app */,
				CB7F22DC16A9F0A7005A4A80 /* ClickAndMoveTest.app */,
				CB7F22DE16A9F0A7005A4A80 /* ClippingNodeTest.app */,
				CB7F22E016A9F0A7005A4A80 /* CocosDenshion - Tom The Turret.app */,
				CB7F22E216A9F0A7005A4A80 /* CocosDenshion - Drum Pad.app */,
				CB7F22E416A9F0A7005A4A80 /* CocosDenshion - Fade To Grey.app */,
				CB7F22E616A9F0A7005A4A80 /* CocosDenshion - FancyRat Metering Demo.app */,
				CB7F22E816A9F0A7005A4A80 /* DirectorTest.app */,
				CB7F22EA16A9F0A7005A4A80 /* drawPrimitivesTest.app */,
				CB7F22EC16A9F0A7005A4A80 /* EAGLViewTest.app */,
				CB7F22EE16A9F0A7005A4A80 /* ActionsEaseTest.app */,
				CB7F22F016A9F0A7005A4A80 /* EffectsTest.app */,
				CB7F22F216A9F0A7005A4A80 /* EffectsAdvancedTest.app */,
				CB7F22F416A9F0A7005A4A80 /* FileUtilsTest.app */,
				CB7F22F616A9F0A7005A4A80 /* FontTest.app */,
				CB7F22F816A9F0A7005A4A80 /* IntervalTest.app */,
				CB7F22FA16A9F0A7005A4A80 /* JS CocosDragon.app */,
				CB7F22FC16A9F0A7005A4A80 /* JS Moon Warriors.app */,
				CB7F22FE16A9F0A7005A4A80 /* JS Tests.app */,
				CB7F230016A9F0A7005A4A80 /* JS Watermelon.app */,
				CB7F230216A9F0A7005A4A80 /* LabelTest.app */,
				CB7F230416A9F0A7005A4A80 /* LayerTest.app */,
				CB7F230616A9F0A7005A4A80 /* MenuTest.app */,
				CB7F230816A9F0A7005A4A80 /* MotionStreakTest.app */,
				CB7F230A16A9F0A7005A4A80 /* MultithreadTest.app */,
				CB7F230C16A9F0A7005A4A80 /* cocosnodeTest.app */,
				CB7F230E16A9F0A7005A4A80 /* ParallaxTest.app */,
				CB7F231016A9F0A7005A4A80 /* ParticleTest.app */,
				CB7F231216A9F0A7005A4A80 /* ActionsProgressTest.app */,
				CB7F231416A9F0A7005A4A80 /* RenderTextureTest.app */,
				CB7F231616A9F0A7005A4A80 /* RotateWorldTest.app */,
				CB7F231816A9F0A7005A4A80 /* SceneTest.app */,
				CB7F231A16A9F0A7005A4A80 /* SchedulerTest.app */,
				CB7F231C16A9F0A7005A4A80 /* ShaderTest.app */,
				CB7F231E16A9F0A7005A4A80 /* SpriteTest.app */,
				CB7F232016A9F0A7005A4A80 /* Texture2dTest.app */,
				CB7F232216A9F0A7005A4A80 /* TileMapTest.app */,
				CB7F232416A9F0A7005A4A80 /* TouchesTest.app */,
				CB7F232616A9F0A7005A4A80 /* TransitionsTest.app */,
				CB7F232816A9F0A7005A4A80 /* ZwoptexTest.app */,
				CB7F232A16A9F0A7005A4A80 /* Bug350.app */,
				CB7F232C16A9F0A7005A4A80 /* Bug422.app */,
				CB7F232E16A9F0A7005A4A80 /* Bug458.app */,
				CB7F233016A9F0A7005A4A80 /* Bug624.app */,
				CB7F233216A9F0A7005A4A80 /* Bug886.app */,
				CB7F233416A9F0A7005A4A80 /* Bug899.app */,
				CB7F233616A9F0A7005A4A80 /* Bug914.app */,
				CB7F233816A9F0A7005A4A80 /* Bug1159.app */,
			);
			name = Products;
			sourceTree = "<group>";
		};
/* End PBXGroup section */

/* Begin PBXNativeTarget section */
		CB7F209116A9E4D4005A4A80 /* TileGame */ = {
			isa = PBXNativeTarget;
			buildConfigurationList = CB7F223A16A9E4D6005A4A80 /* Build configuration list for PBXNativeTarget "TileGame" */;
			buildPhases = (
				CB7F208E16A9E4D4005A4A80 /* Sources */,
				CB7F208F16A9E4D4005A4A80 /* Frameworks */,
				CB7F209016A9E4D4005A4A80 /* Resources */,
			);
			buildRules = (
			);
			dependencies = (
			);
			name = TileGame;
			productName = TileGame;
			productReference = CB7F209216A9E4D4005A4A80 /* TileGame.app */;
			productType = "com.apple.product-type.application";
		};
/* End PBXNativeTarget section */

/* Begin PBXProject section */
		CB7F208916A9E4D4005A4A80 /* Project object */ = {
			isa = PBXProject;
			attributes = {
				LastUpgradeCheck = 0450;
				ORGANIZATIONNAME = charlie;
			};
			buildConfigurationList = CB7F208C16A9E4D4005A4A80 /* Build configuration list for PBXProject "TileGame" */;
			compatibilityVersion = "Xcode 3.2";
			developmentRegion = English;
			hasScannedForEncodings = 0;
			knownRegions = (
				en,
			);
			mainGroup = CB7F208716A9E4D4005A4A80;
			productRefGroup = CB7F209316A9E4D4005A4A80 /* Products */;
			projectDirPath = "";
			projectReferences = (
				{
					ProductGroup = CB7F223E16A9F0A5005A4A80 /* Products */;
					ProjectRef = CB7F223D16A9F0A5005A4A80 /* cocos2d-ios.xcodeproj */;
				},
			);
			projectRoot = "";
			targets = (
				CB7F209116A9E4D4005A4A80 /* TileGame */,
			);
		};
/* End PBXProject section */

/* Begin PBXReferenceProxy section */
		CB7F22BA16A9F0A7005A4A80 /* libbuild all tests.a */ = {
			isa = PBXReferenceProxy;
			fileType = archive.ar;
			path = "libbuild all tests.a";
			remoteRef = CB7F22B916A9F0A7005A4A80 /* PBXContainerItemProxy */;
			sourceTree = BUILT_PRODUCTS_DIR;
		};
		CB7F22BC16A9F0A7005A4A80 /* libbox2d.a */ = {
			isa = PBXReferenceProxy;
			fileType = archive.ar;
			path = libbox2d.a;
			remoteRef = CB7F22BB16A9F0A7005A4A80 /* PBXContainerItemProxy */;
			sourceTree = BUILT_PRODUCTS_DIR;
		};
		CB7F22BE16A9F0A7005A4A80 /* libChipmunk.a */ = {
			isa = PBXReferenceProxy;
			fileType = archive.ar;
			path = libChipmunk.a;
			remoteRef = CB7F22BD16A9F0A7005A4A80 /* PBXContainerItemProxy */;
			sourceTree = BUILT_PRODUCTS_DIR;
		};
		CB7F22C016A9F0A7005A4A80 /* libcocos2d.a */ = {
			isa = PBXReferenceProxy;
			fileType = archive.ar;
			path = libcocos2d.a;
			remoteRef = CB7F22BF16A9F0A7005A4A80 /* PBXContainerItemProxy */;
			sourceTree = BUILT_PRODUCTS_DIR;
		};
		CB7F22C216A9F0A7005A4A80 /* libcocos2d-documentation.a */ = {
			isa = PBXReferenceProxy;
			fileType = archive.ar;
			path = "libcocos2d-documentation.a";
			remoteRef = CB7F22C116A9F0A7005A4A80 /* PBXContainerItemProxy */;
			sourceTree = BUILT_PRODUCTS_DIR;
		};
		CB7F22C416A9F0A7005A4A80 /* libCocosDenshion.a */ = {
			isa = PBXReferenceProxy;
			fileType = archive.ar;
			path = libCocosDenshion.a;
			remoteRef = CB7F22C316A9F0A7005A4A80 /* PBXContainerItemProxy */;
			sourceTree = BUILT_PRODUCTS_DIR;
		};
		CB7F22C616A9F0A7005A4A80 /* libCocosBuilderReader.a */ = {
			isa = PBXReferenceProxy;
			fileType = archive.ar;
			path = libCocosBuilderReader.a;
			remoteRef = CB7F22C516A9F0A7005A4A80 /* PBXContainerItemProxy */;
			sourceTree = BUILT_PRODUCTS_DIR;
		};
		CB7F22C816A9F0A7005A4A80 /* libjsbindings.a */ = {
			isa = PBXReferenceProxy;
			fileType = archive.ar;
			path = libjsbindings.a;
			remoteRef = CB7F22C716A9F0A7005A4A80 /* PBXContainerItemProxy */;
			sourceTree = BUILT_PRODUCTS_DIR;
		};
		CB7F22CA16A9F0A7005A4A80 /* libkazmath.a */ = {
			isa = PBXReferenceProxy;
			fileType = archive.ar;
			path = libkazmath.a;
			remoteRef = CB7F22C916A9F0A7005A4A80 /* PBXContainerItemProxy */;
			sourceTree = BUILT_PRODUCTS_DIR;
		};
		CB7F22CC16A9F0A7005A4A80 /* liblibpng.a */ = {
			isa = PBXReferenceProxy;
			fileType = archive.ar;
			path = liblibpng.a;
			remoteRef = CB7F22CB16A9F0A7005A4A80 /* PBXContainerItemProxy */;
			sourceTree = BUILT_PRODUCTS_DIR;
		};
		CB7F22CE16A9F0A7005A4A80 /* ActionManagerTest.app */ = {
			isa = PBXReferenceProxy;
			fileType = wrapper.application;
			path = ActionManagerTest.app;
			remoteRef = CB7F22CD16A9F0A7005A4A80 /* PBXContainerItemProxy */;
			sourceTree = BUILT_PRODUCTS_DIR;
		};
		CB7F22D016A9F0A7005A4A80 /* ActionsTest.app */ = {
			isa = PBXReferenceProxy;
			fileType = wrapper.application;
			path = ActionsTest.app;
			remoteRef = CB7F22CF16A9F0A7005A4A80 /* PBXContainerItemProxy */;
			sourceTree = BUILT_PRODUCTS_DIR;
		};
		CB7F22D216A9F0A7005A4A80 /* ActionsWithBlocksSample.app */ = {
			isa = PBXReferenceProxy;
			fileType = wrapper.application;
			path = ActionsWithBlocksSample.app;
			remoteRef = CB7F22D116A9F0A7005A4A80 /* PBXContainerItemProxy */;
			sourceTree = BUILT_PRODUCTS_DIR;
		};
		CB7F22D416A9F0A7005A4A80 /* AttachTest.app */ = {
			isa = PBXReferenceProxy;
			fileType = wrapper.application;
			path = AttachTest.app;
			remoteRef = CB7F22D316A9F0A7005A4A80 /* PBXContainerItemProxy */;
			sourceTree = BUILT_PRODUCTS_DIR;
		};
		CB7F22D616A9F0A7005A4A80 /* Box2dTest.app */ = {
			isa = PBXReferenceProxy;
			fileType = wrapper.application;
			path = Box2dTest.app;
			remoteRef = CB7F22D516A9F0A7005A4A80 /* PBXContainerItemProxy */;
			sourceTree = BUILT_PRODUCTS_DIR;
		};
		CB7F22D816A9F0A7005A4A80 /* Box2dTestBed.app */ = {
			isa = PBXReferenceProxy;
			fileType = wrapper.application;
			path = Box2dTestBed.app;
			remoteRef = CB7F22D716A9F0A7005A4A80 /* PBXContainerItemProxy */;
			sourceTree = BUILT_PRODUCTS_DIR;
		};
		CB7F22DA16A9F0A7005A4A80 /* ChipmunkTest.app */ = {
			isa = PBXReferenceProxy;
			fileType = wrapper.application;
			path = ChipmunkTest.app;
			remoteRef = CB7F22D916A9F0A7005A4A80 /* PBXContainerItemProxy */;
			sourceTree = BUILT_PRODUCTS_DIR;
		};
		CB7F22DC16A9F0A7005A4A80 /* ClickAndMoveTest.app */ = {
			isa = PBXReferenceProxy;
			fileType = wrapper.application;
			path = ClickAndMoveTest.app;
			remoteRef = CB7F22DB16A9F0A7005A4A80 /* PBXContainerItemProxy */;
			sourceTree = BUILT_PRODUCTS_DIR;
		};
		CB7F22DE16A9F0A7005A4A80 /* ClippingNodeTest.app */ = {
			isa = PBXReferenceProxy;
			fileType = wrapper.application;
			path = ClippingNodeTest.app;
			remoteRef = CB7F22DD16A9F0A7005A4A80 /* PBXContainerItemProxy */;
			sourceTree = BUILT_PRODUCTS_DIR;
		};
		CB7F22E016A9F0A7005A4A80 /* CocosDenshion - Tom The Turret.app */ = {
			isa = PBXReferenceProxy;
			fileType = wrapper.application;
			path = "CocosDenshion - Tom The Turret.app";
			remoteRef = CB7F22DF16A9F0A7005A4A80 /* PBXContainerItemProxy */;
			sourceTree = BUILT_PRODUCTS_DIR;
		};
		CB7F22E216A9F0A7005A4A80 /* CocosDenshion - Drum Pad.app */ = {
			isa = PBXReferenceProxy;
			fileType = wrapper.application;
			path = "CocosDenshion - Drum Pad.app";
			remoteRef = CB7F22E116A9F0A7005A4A80 /* PBXContainerItemProxy */;
			sourceTree = BUILT_PRODUCTS_DIR;
		};
		CB7F22E416A9F0A7005A4A80 /* CocosDenshion - Fade To Grey.app */ = {
			isa = PBXReferenceProxy;
			fileType = wrapper.application;
			path = "CocosDenshion - Fade To Grey.app";
			remoteRef = CB7F22E316A9F0A7005A4A80 /* PBXContainerItemProxy */;
			sourceTree = BUILT_PRODUCTS_DIR;
		};
		CB7F22E616A9F0A7005A4A80 /* CocosDenshion - FancyRat Metering Demo.app */ = {
			isa = PBXReferenceProxy;
			fileType = wrapper.application;
			path = "CocosDenshion - FancyRat Metering Demo.app";
			remoteRef = CB7F22E516A9F0A7005A4A80 /* PBXContainerItemProxy */;
			sourceTree = BUILT_PRODUCTS_DIR;
		};
		CB7F22E816A9F0A7005A4A80 /* DirectorTest.app */ = {
			isa = PBXReferenceProxy;
			fileType = wrapper.application;
			path = DirectorTest.app;
			remoteRef = CB7F22E716A9F0A7005A4A80 /* PBXContainerItemProxy */;
			sourceTree = BUILT_PRODUCTS_DIR;
		};
		CB7F22EA16A9F0A7005A4A80 /* drawPrimitivesTest.app */ = {
			isa = PBXReferenceProxy;
			fileType = wrapper.application;
			path = drawPrimitivesTest.app;
			remoteRef = CB7F22E916A9F0A7005A4A80 /* PBXContainerItemProxy */;
			sourceTree = BUILT_PRODUCTS_DIR;
		};
		CB7F22EC16A9F0A7005A4A80 /* EAGLViewTest.app */ = {
			isa = PBXReferenceProxy;
			fileType = wrapper.application;
			path = EAGLViewTest.app;
			remoteRef = CB7F22EB16A9F0A7005A4A80 /* PBXContainerItemProxy */;
			sourceTree = BUILT_PRODUCTS_DIR;
		};
		CB7F22EE16A9F0A7005A4A80 /* ActionsEaseTest.app */ = {
			isa = PBXReferenceProxy;
			fileType = wrapper.application;
			path = ActionsEaseTest.app;
			remoteRef = CB7F22ED16A9F0A7005A4A80 /* PBXContainerItemProxy */;
			sourceTree = BUILT_PRODUCTS_DIR;
		};
		CB7F22F016A9F0A7005A4A80 /* EffectsTest.app */ = {
			isa = PBXReferenceProxy;
			fileType = wrapper.application;
			path = EffectsTest.app;
			remoteRef = CB7F22EF16A9F0A7005A4A80 /* PBXContainerItemProxy */;
			sourceTree = BUILT_PRODUCTS_DIR;
		};
		CB7F22F216A9F0A7005A4A80 /* EffectsAdvancedTest.app */ = {
			isa = PBXReferenceProxy;
			fileType = wrapper.application;
			path = EffectsAdvancedTest.app;
			remoteRef = CB7F22F116A9F0A7005A4A80 /* PBXContainerItemProxy */;
			sourceTree = BUILT_PRODUCTS_DIR;
		};
		CB7F22F416A9F0A7005A4A80 /* FileUtilsTest.app */ = {
			isa = PBXReferenceProxy;
			fileType = wrapper.application;
			path = FileUtilsTest.app;
			remoteRef = CB7F22F316A9F0A7005A4A80 /* PBXContainerItemProxy */;
			sourceTree = BUILT_PRODUCTS_DIR;
		};
		CB7F22F616A9F0A7005A4A80 /* FontTest.app */ = {
			isa = PBXReferenceProxy;
			fileType = wrapper.application;
			path = FontTest.app;
			remoteRef = CB7F22F516A9F0A7005A4A80 /* PBXContainerItemProxy */;
			sourceTree = BUILT_PRODUCTS_DIR;
		};
		CB7F22F816A9F0A7005A4A80 /* IntervalTest.app */ = {
			isa = PBXReferenceProxy;
			fileType = wrapper.application;
			path = IntervalTest.app;
			remoteRef = CB7F22F716A9F0A7005A4A80 /* PBXContainerItemProxy */;
			sourceTree = BUILT_PRODUCTS_DIR;
		};
		CB7F22FA16A9F0A7005A4A80 /* JS CocosDragon.app */ = {
			isa = PBXReferenceProxy;
			fileType = wrapper.application;
			path = "JS CocosDragon.app";
			remoteRef = CB7F22F916A9F0A7005A4A80 /* PBXContainerItemProxy */;
			sourceTree = BUILT_PRODUCTS_DIR;
		};
		CB7F22FC16A9F0A7005A4A80 /* JS Moon Warriors.app */ = {
			isa = PBXReferenceProxy;
			fileType = wrapper.application;
			path = "JS Moon Warriors.app";
			remoteRef = CB7F22FB16A9F0A7005A4A80 /* PBXContainerItemProxy */;
			sourceTree = BUILT_PRODUCTS_DIR;
		};
		CB7F22FE16A9F0A7005A4A80 /* JS Tests.app */ = {
			isa = PBXReferenceProxy;
			fileType = wrapper.application;
			path = "JS Tests.app";
			remoteRef = CB7F22FD16A9F0A7005A4A80 /* PBXContainerItemProxy */;
			sourceTree = BUILT_PRODUCTS_DIR;
		};
		CB7F230016A9F0A7005A4A80 /* JS Watermelon.app */ = {
			isa = PBXReferenceProxy;
			fileType = wrapper.application;
			path = "JS Watermelon.app";
			remoteRef = CB7F22FF16A9F0A7005A4A80 /* PBXContainerItemProxy */;
			sourceTree = BUILT_PRODUCTS_DIR;
		};
		CB7F230216A9F0A7005A4A80 /* LabelTest.app */ = {
			isa = PBXReferenceProxy;
			fileType = wrapper.application;
			path = LabelTest.app;
			remoteRef = CB7F230116A9F0A7005A4A80 /* PBXContainerItemProxy */;
			sourceTree = BUILT_PRODUCTS_DIR;
		};
		CB7F230416A9F0A7005A4A80 /* LayerTest.app */ = {
			isa = PBXReferenceProxy;
			fileType = wrapper.application;
			path = LayerTest.app;
			remoteRef = CB7F230316A9F0A7005A4A80 /* PBXContainerItemProxy */;
			sourceTree = BUILT_PRODUCTS_DIR;
		};
		CB7F230616A9F0A7005A4A80 /* MenuTest.app */ = {
			isa = PBXReferenceProxy;
			fileType = wrapper.application;
			path = MenuTest.app;
			remoteRef = CB7F230516A9F0A7005A4A80 /* PBXContainerItemProxy */;
			sourceTree = BUILT_PRODUCTS_DIR;
		};
		CB7F230816A9F0A7005A4A80 /* MotionStreakTest.app */ = {
			isa = PBXReferenceProxy;
			fileType = wrapper.application;
			path = MotionStreakTest.app;
			remoteRef = CB7F230716A9F0A7005A4A80 /* PBXContainerItemProxy */;
			sourceTree = BUILT_PRODUCTS_DIR;
		};
		CB7F230A16A9F0A7005A4A80 /* MultithreadTest.app */ = {
			isa = PBXReferenceProxy;
			fileType = wrapper.application;
			path = MultithreadTest.app;
			remoteRef = CB7F230916A9F0A7005A4A80 /* PBXContainerItemProxy */;
			sourceTree = BUILT_PRODUCTS_DIR;
		};
		CB7F230C16A9F0A7005A4A80 /* cocosnodeTest.app */ = {
			isa = PBXReferenceProxy;
			fileType = wrapper.application;
			path = cocosnodeTest.app;
			remoteRef = CB7F230B16A9F0A7005A4A80 /* PBXContainerItemProxy */;
			sourceTree = BUILT_PRODUCTS_DIR;
		};
		CB7F230E16A9F0A7005A4A80 /* ParallaxTest.app */ = {
			isa = PBXReferenceProxy;
			fileType = wrapper.application;
			path = ParallaxTest.app;
			remoteRef = CB7F230D16A9F0A7005A4A80 /* PBXContainerItemProxy */;
			sourceTree = BUILT_PRODUCTS_DIR;
		};
		CB7F231016A9F0A7005A4A80 /* ParticleTest.app */ = {
			isa = PBXReferenceProxy;
			fileType = wrapper.application;
			path = ParticleTest.app;
			remoteRef = CB7F230F16A9F0A7005A4A80 /* PBXContainerItemProxy */;
			sourceTree = BUILT_PRODUCTS_DIR;
		};
		CB7F231216A9F0A7005A4A80 /* ActionsProgressTest.app */ = {
			isa = PBXReferenceProxy;
			fileType = wrapper.application;
			path = ActionsProgressTest.app;
			remoteRef = CB7F231116A9F0A7005A4A80 /* PBXContainerItemProxy */;
			sourceTree = BUILT_PRODUCTS_DIR;
		};
		CB7F231416A9F0A7005A4A80 /* RenderTextureTest.app */ = {
			isa = PBXReferenceProxy;
			fileType = wrapper.application;
			path = RenderTextureTest.app;
			remoteRef = CB7F231316A9F0A7005A4A80 /* PBXContainerItemProxy */;
			sourceTree = BUILT_PRODUCTS_DIR;
		};
		CB7F231616A9F0A7005A4A80 /* RotateWorldTest.app */ = {
			isa = PBXReferenceProxy;
			fileType = wrapper.application;
			path = RotateWorldTest.app;
			remoteRef = CB7F231516A9F0A7005A4A80 /* PBXContainerItemProxy */;
			sourceTree = BUILT_PRODUCTS_DIR;
		};
		CB7F231816A9F0A7005A4A80 /* SceneTest.app */ = {
			isa = PBXReferenceProxy;
			fileType = wrapper.application;
			path = SceneTest.app;
			remoteRef = CB7F231716A9F0A7005A4A80 /* PBXContainerItemProxy */;
			sourceTree = BUILT_PRODUCTS_DIR;
		};
		CB7F231A16A9F0A7005A4A80 /* SchedulerTest.app */ = {
			isa = PBXReferenceProxy;
			fileType = wrapper.application;
			path = SchedulerTest.app;
			remoteRef = CB7F231916A9F0A7005A4A80 /* PBXContainerItemProxy */;
			sourceTree = BUILT_PRODUCTS_DIR;
		};
		CB7F231C16A9F0A7005A4A80 /* ShaderTest.app */ = {
			isa = PBXReferenceProxy;
			fileType = wrapper.application;
			path = ShaderTest.app;
			remoteRef = CB7F231B16A9F0A7005A4A80 /* PBXContainerItemProxy */;
			sourceTree = BUILT_PRODUCTS_DIR;
		};
		CB7F231E16A9F0A7005A4A80 /* SpriteTest.app */ = {
			isa = PBXReferenceProxy;
			fileType = wrapper.application;
			path = SpriteTest.app;
			remoteRef = CB7F231D16A9F0A7005A4A80 /* PBXContainerItemProxy */;
			sourceTree = BUILT_PRODUCTS_DIR;
		};
		CB7F232016A9F0A7005A4A80 /* Texture2dTest.app */ = {
			isa = PBXReferenceProxy;
			fileType = wrapper.application;
			path = Texture2dTest.app;
			remoteRef = CB7F231F16A9F0A7005A4A80 /* PBXContainerItemProxy */;
			sourceTree = BUILT_PRODUCTS_DIR;
		};
		CB7F232216A9F0A7005A4A80 /* TileMapTest.app */ = {
			isa = PBXReferenceProxy;
			fileType = wrapper.application;
			path = TileMapTest.app;
			remoteRef = CB7F232116A9F0A7005A4A80 /* PBXContainerItemProxy */;
			sourceTree = BUILT_PRODUCTS_DIR;
		};
		CB7F232416A9F0A7005A4A80 /* TouchesTest.app */ = {
			isa = PBXReferenceProxy;
			fileType = wrapper.application;
			path = TouchesTest.app;
			remoteRef = CB7F232316A9F0A7005A4A80 /* PBXContainerItemProxy */;
			sourceTree = BUILT_PRODUCTS_DIR;
		};
		CB7F232616A9F0A7005A4A80 /* TransitionsTest.app */ = {
			isa = PBXReferenceProxy;
			fileType = wrapper.application;
			path = TransitionsTest.app;
			remoteRef = CB7F232516A9F0A7005A4A80 /* PBXContainerItemProxy */;
			sourceTree = BUILT_PRODUCTS_DIR;
		};
		CB7F232816A9F0A7005A4A80 /* ZwoptexTest.app */ = {
			isa = PBXReferenceProxy;
			fileType = wrapper.application;
			path = ZwoptexTest.app;
			remoteRef = CB7F232716A9F0A7005A4A80 /* PBXContainerItemProxy */;
			sourceTree = BUILT_PRODUCTS_DIR;
		};
		CB7F232A16A9F0A7005A4A80 /* Bug350.app */ = {
			isa = PBXReferenceProxy;
			fileType = wrapper.application;
			path = Bug350.app;
			remoteRef = CB7F232916A9F0A7005A4A80 /* PBXContainerItemProxy */;
			sourceTree = BUILT_PRODUCTS_DIR;
		};
		CB7F232C16A9F0A7005A4A80 /* Bug422.app */ = {
			isa = PBXReferenceProxy;
			fileType = wrapper.application;
			path = Bug422.app;
			remoteRef = CB7F232B16A9F0A7005A4A80 /* PBXContainerItemProxy */;
			sourceTree = BUILT_PRODUCTS_DIR;
		};
		CB7F232E16A9F0A7005A4A80 /* Bug458.app */ = {
			isa = PBXReferenceProxy;
			fileType = wrapper.application;
			path = Bug458.app;
			remoteRef = CB7F232D16A9F0A7005A4A80 /* PBXContainerItemProxy */;
			sourceTree = BUILT_PRODUCTS_DIR;
		};
		CB7F233016A9F0A7005A4A80 /* Bug624.app */ = {
			isa = PBXReferenceProxy;
			fileType = wrapper.application;
			path = Bug624.app;
			remoteRef = CB7F232F16A9F0A7005A4A80 /* PBXContainerItemProxy */;
			sourceTree = BUILT_PRODUCTS_DIR;
		};
		CB7F233216A9F0A7005A4A80 /* Bug886.app */ = {
			isa = PBXReferenceProxy;
			fileType = wrapper.application;
			path = Bug886.app;
			remoteRef = CB7F233116A9F0A7005A4A80 /* PBXContainerItemProxy */;
			sourceTree = BUILT_PRODUCTS_DIR;
		};
		CB7F233416A9F0A7005A4A80 /* Bug899.app */ = {
			isa = PBXReferenceProxy;
			fileType = wrapper.application;
			path = Bug899.app;
			remoteRef = CB7F233316A9F0A7005A4A80 /* PBXContainerItemProxy */;
			sourceTree = BUILT_PRODUCTS_DIR;
		};
		CB7F233616A9F0A7005A4A80 /* Bug914.app */ = {
			isa = PBXReferenceProxy;
			fileType = wrapper.application;
			path = Bug914.app;
			remoteRef = CB7F233516A9F0A7005A4A80 /* PBXContainerItemProxy */;
			sourceTree = BUILT_PRODUCTS_DIR;
		};
		CB7F233816A9F0A7005A4A80 /* Bug1159.app */ = {
			isa = PBXReferenceProxy;
			fileType = wrapper.application;
			path = Bug1159.app;
			remoteRef = CB7F233716A9F0A7005A4A80 /* PBXContainerItemProxy */;
			sourceTree = BUILT_PRODUCTS_DIR;
		};
/* End PBXReferenceProxy section */

/* Begin PBXResourcesBuildPhase section */
		CB7F209016A9E4D4005A4A80 /* Resources */ = {
			isa = PBXResourcesBuildPhase;
			buildActionMask = 2147483647;
			files = (
				CB7F20AB16A9E4D4005A4A80 /* Default.png in Resources */,
				CB7F20AD16A9E4D4005A4A80 /* Default@2x.png in Resources */,
				CB7F20AF16A9E4D4005A4A80 /* Default-568h@2x.png in Resources */,
				CB7F20B116A9E4D4005A4A80 /* Default-Landscape~ipad.png in Resources */,
				CB7F20B316A9E4D4005A4A80 /* Icon-72.png in Resources */,
				CB7F20B516A9E4D4005A4A80 /* Icon-Small-50.png in Resources */,
				CB7F20B716A9E4D4005A4A80 /* Icon-Small.png in Resources */,
				CB7F20B916A9E4D4005A4A80 /* Icon-Small@2x.png in Resources */,
				CB7F20BB16A9E4D4005A4A80 /* Icon.png in Resources */,
				CB7F20BD16A9E4D4005A4A80 /* Icon@2x.png in Resources */,
				CB7F20C016A9E4D4005A4A80 /* iTunesArtwork in Resources */,
				CB7F235D16AAFCCC005A4A80 /* hit.caf in Resources */,
				CB7F235E16AAFCCC005A4A80 /* meta_tiles.png in Resources */,
				CB7F235F16AAFCCC005A4A80 /* move.caf in Resources */,
				CB7F236016AAFCCC005A4A80 /* pickup.caf in Resources */,
				CB7F236116AAFCCC005A4A80 /* Player.png in Resources */,
				CB7F236216AAFCCC005A4A80 /* TileMap.caf in Resources */,
				CB7F236316AAFCCC005A4A80 /* tmw_desert_spacing.png in Resources */,
			);
			runOnlyForDeploymentPostprocessing = 0;
		};
/* End PBXResourcesBuildPhase section */

/* Begin PBXSourcesBuildPhase section */
		CB7F208E16A9E4D4005A4A80 /* Sources */ = {
			isa = PBXSourcesBuildPhase;
			buildActionMask = 2147483647;
			files = (
				CB7F222E16A9E4D6005A4A80 /* main.m in Sources */,
				CB7F223116A9E4D6005A4A80 /* AppDelegate.m in Sources */,
				CB7F223416A9E4D6005A4A80 /* HelloWorldLayer.m in Sources */,
				CB7F223716A9E4D6005A4A80 /* IntroLayer.m in Sources */,
			);
			runOnlyForDeploymentPostprocessing = 0;
		};
/* End PBXSourcesBuildPhase section */

/* Begin XCBuildConfiguration section */
		CB7F223816A9E4D6005A4A80 /* Debug */ = {
			isa = XCBuildConfiguration;
			buildSettings = {
				ARCHS = "$(ARCHS_STANDARD_32_BIT)";
				"CODE_SIGN_IDENTITY[sdk=iphoneos*]" = "iPhone Developer";
				GCC_C_LANGUAGE_STANDARD = gnu99;
				GCC_OPTIMIZATION_LEVEL = 0;
				GCC_PREPROCESSOR_DEFINITIONS = (
					DEBUG,
					"COCOS2D_DEBUG=1",
				);
				GCC_SYMBOLS_PRIVATE_EXTERN = NO;
				GCC_VERSION = com.apple.compilers.llvm.clang.1_0;
				GCC_WARN_ABOUT_RETURN_TYPE = YES;
				GCC_WARN_UNUSED_VARIABLE = YES;
				IPHONEOS_DEPLOYMENT_TARGET = 4.0;
				SDKROOT = iphoneos;
				TARGETED_DEVICE_FAMILY = "1,2";
			};
			name = Debug;
		};
		CB7F223916A9E4D6005A4A80 /* Release */ = {
			isa = XCBuildConfiguration;
			buildSettings = {
				ARCHS = "$(ARCHS_STANDARD_32_BIT)";
				"CODE_SIGN_IDENTITY[sdk=iphoneos*]" = "iPhone Developer";
				GCC_C_LANGUAGE_STANDARD = gnu99;
				GCC_PREPROCESSOR_DEFINITIONS = (
					NDEBUG,
					"NS_BLOCK_ASSERTIONS=1",
				);
				GCC_VERSION = com.apple.compilers.llvm.clang.1_0;
				GCC_WARN_ABOUT_RETURN_TYPE = YES;
				GCC_WARN_UNUSED_VARIABLE = YES;
				IPHONEOS_DEPLOYMENT_TARGET = 4.0;
				SDKROOT = iphoneos;
				TARGETED_DEVICE_FAMILY = "1,2";
			};
			name = Release;
		};
		CB7F223B16A9E4D6005A4A80 /* Debug */ = {
			isa = XCBuildConfiguration;
			buildSettings = {
				ALWAYS_SEARCH_USER_PATHS = YES;
				CLANG_ENABLE_OBJC_ARC = YES;
				COPY_PHASE_STRIP = NO;
				GCC_DYNAMIC_NO_PIC = NO;
				GCC_PRECOMPILE_PREFIX_HEADER = YES;
				GCC_PREFIX_HEADER = TileGame/Prefix.pch;
				HEADER_SEARCH_PATHS = "\"TileGame/libs/kazmath/include\"";
				INFOPLIST_FILE = TileGame/Resources/Info.plist;
				OTHER_LDFLAGS = (
					"-lz",
					"-ObjC",
				);
				PRODUCT_NAME = "$(TARGET_NAME)";
				USER_HEADER_SEARCH_PATHS = "~/Downloads/cocos2d-iphone-2.1-beta4/**";
				WRAPPER_EXTENSION = app;
			};
			name = Debug;
		};
		CB7F223C16A9E4D6005A4A80 /* Release */ = {
			isa = XCBuildConfiguration;
			buildSettings = {
				ALWAYS_SEARCH_USER_PATHS = YES;
				CLANG_ENABLE_OBJC_ARC = YES;
				COPY_PHASE_STRIP = YES;
				GCC_PRECOMPILE_PREFIX_HEADER = YES;
				GCC_PREFIX_HEADER = TileGame/Prefix.pch;
				HEADER_SEARCH_PATHS = "\"TileGame/libs/kazmath/include\"";
				INFOPLIST_FILE = TileGame/Resources/Info.plist;
				OTHER_LDFLAGS = (
					"-lz",
					"-ObjC",
				);
				PRODUCT_NAME = "$(TARGET_NAME)";
				USER_HEADER_SEARCH_PATHS = "~/Downloads/cocos2d-iphone-2.1-beta4/**";
				VALIDATE_PRODUCT = YES;
				WRAPPER_EXTENSION = app;
			};
			name = Release;
		};
/* End XCBuildConfiguration section */

/* Begin XCConfigurationList section */
		CB7F208C16A9E4D4005A4A80 /* Build configuration list for PBXProject "TileGame" */ = {
			isa = XCConfigurationList;
			buildConfigurations = (
				CB7F223816A9E4D6005A4A80 /* Debug */,
				CB7F223916A9E4D6005A4A80 /* Release */,
			);
			defaultConfigurationIsVisible = 0;
			defaultConfigurationName = Release;
		};
		CB7F223A16A9E4D6005A4A80 /* Build configuration list for PBXNativeTarget "TileGame" */ = {
			isa = XCConfigurationList;
			buildConfigurations = (
				CB7F223B16A9E4D6005A4A80 /* Debug */,
				CB7F223C16A9E4D6005A4A80 /* Release */,
			);
			defaultConfigurationIsVisible = 0;
		};
/* End XCConfigurationList section */
	};
	rootObject = CB7F208916A9E4D4005A4A80 /* Project object */;
}
